{
  "version": 4,
  "terraform_version": "1.14.0",
  "serial": 20,
  "lineage": "231b4300-ccbc-21a2-2561-e83c5281a5c9",
  "outputs": {
    "alb_dns_name": {
      "value": "proyectofinal-lb-1831832697.us-east-1.elb.amazonaws.com",
      "type": "string"
    },
    "ecs_cluster_name": {
      "value": "proyectofinal-cluster",
      "type": "string"
    },
    "frontend_ecr_uri": {
      "value": "201002507638.dkr.ecr.us-east-1.amazonaws.com/proyectofinal-frontend",
      "type": "string"
    }
  },
  "resources": [
    {
      "mode": "data",
      "type": "aws_availability_zones",
      "name": "available",
      "provider": "provider[\"registry.terraform.io/hashicorp/aws\"]",
      "instances": [
        {
          "schema_version": 0,
          "attributes": {
            "all_availability_zones": null,
            "exclude_names": null,
            "exclude_zone_ids": null,
            "filter": null,
            "group_names": [
              "us-east-1-zg-1"
            ],
            "id": "us-east-1",
            "names": [
              "us-east-1a",
              "us-east-1b",
              "us-east-1c",
              "us-east-1d",
              "us-east-1e",
              "us-east-1f"
            ],
            "region": "us-east-1",
            "state": "available",
            "timeouts": null,
            "zone_ids": [
              "use1-az1",
              "use1-az2",
              "use1-az4",
              "use1-az6",
              "use1-az3",
              "use1-az5"
            ]
          },
          "sensitive_attributes": [],
          "identity_schema_version": 0
        }
      ]
    },
    {
      "mode": "data",
      "type": "template_file",
      "name": "ecs_task_definition",
      "provider": "provider[\"registry.terraform.io/hashicorp/template\"]",
      "instances": [
        {
          "schema_version": 0,
          "attributes": {
            "filename": null,
            "id": "38fc0d9087bf4ef96a6171dedbfbe9eb3e7f6359a3fb8e4a41022186c6f3db13",
            "rendered": "{\r\n  \"family\": \"proyectofinal-task-definition\",\r\n  \"networkMode\": \"awsvpc\",\r\n  \"cpu\": \"512\",\r\n  \"memory\": \"1024\",\r\n  \"requiresCompatibilities\": [\r\n    \"FARGATE\"\r\n  ],\r\n  \"executionRoleArn\": \"arn:aws:iam::201002507638:role/proyectofinal-ecs-execution-role\",\r\n  \"taskRoleArn\": \"arn:aws:iam::201002507638:role/proyectofinal-ecs-task-role\",\r\n  \"containerDefinitions\": [\r\n    {\r\n      \"name\": \"frontend-container\",\r\n      \"image\": \"nginx:latest\",\r\n      \"cpu\": 0,\r\n      \"memoryReservation\": 128,\r\n      \"portMappings\": [\r\n        {\r\n          \"containerPort\": 80,\r\n          \"hostPort\": 80,\r\n          \"protocol\": \"tcp\"\r\n        }\r\n      ],\r\n      \"essential\": true,\r\n      \"logConfiguration\": {\r\n        \"logDriver\": \"awslogs\",\r\n        \"options\": {\r\n          \"awslogs-group\": \"/ecs/proyectofinal\",\r\n          \"awslogs-region\": \"us-east-1\",\r\n          \"awslogs-stream-prefix\": \"frontend\"\r\n        }\r\n      }\r\n    },\r\n    {\r\n      \"name\": \"backend-container\",\r\n      \"image\": \"python:latest\",\r\n      \"cpu\": 0,\r\n      \"memoryReservation\": 512,\r\n      \"portMappings\": [\r\n        {\r\n          \"containerPort\": 5000,\r\n          \"hostPort\": 5000,\r\n          \"protocol\": \"tcp\"\r\n        }\r\n      ],\r\n      \"essential\": true,\r\n      \"logConfiguration\": {\r\n        \"logDriver\": \"awslogs\",\r\n        \"options\": {\r\n          \"awslogs-group\": \"/ecs/proyectofinal\",\r\n          \"awslogs-region\": \"us-east-1\",\r\n          \"awslogs-stream-prefix\": \"backend\"\r\n        }\r\n      },\r\n      \"environment\": [\r\n        {\r\n          \"name\": \"DB_HOST\",\r\n          \"value\": \"placeholder-db-endpoint.com\" \r\n        }\r\n      ]\r\n    }\r\n  ]\r\n}",
            "template": "{\r\n  \"family\": \"${family}\",\r\n  \"networkMode\": \"awsvpc\",\r\n  \"cpu\": \"512\",\r\n  \"memory\": \"1024\",\r\n  \"requiresCompatibilities\": [\r\n    \"FARGATE\"\r\n  ],\r\n  \"executionRoleArn\": \"${ecs_execution_role_arn}\",\r\n  \"taskRoleArn\": \"${ecs_task_role_arn}\",\r\n  \"containerDefinitions\": [\r\n    {\r\n      \"name\": \"frontend-container\",\r\n      \"image\": \"${frontend_image_uri}\",\r\n      \"cpu\": 0,\r\n      \"memoryReservation\": 128,\r\n      \"portMappings\": [\r\n        {\r\n          \"containerPort\": 80,\r\n          \"hostPort\": 80,\r\n          \"protocol\": \"tcp\"\r\n        }\r\n      ],\r\n      \"essential\": true,\r\n      \"logConfiguration\": {\r\n        \"logDriver\": \"awslogs\",\r\n        \"options\": {\r\n          \"awslogs-group\": \"/ecs/proyectofinal\",\r\n          \"awslogs-region\": \"${aws_region}\",\r\n          \"awslogs-stream-prefix\": \"frontend\"\r\n        }\r\n      }\r\n    },\r\n    {\r\n      \"name\": \"backend-container\",\r\n      \"image\": \"${backend_image_uri}\",\r\n      \"cpu\": 0,\r\n      \"memoryReservation\": 512,\r\n      \"portMappings\": [\r\n        {\r\n          \"containerPort\": 5000,\r\n          \"hostPort\": 5000,\r\n          \"protocol\": \"tcp\"\r\n        }\r\n      ],\r\n      \"essential\": true,\r\n      \"logConfiguration\": {\r\n        \"logDriver\": \"awslogs\",\r\n        \"options\": {\r\n          \"awslogs-group\": \"/ecs/proyectofinal\",\r\n          \"awslogs-region\": \"${aws_region}\",\r\n          \"awslogs-stream-prefix\": \"backend\"\r\n        }\r\n      },\r\n      \"environment\": [\r\n        {\r\n          \"name\": \"DB_HOST\",\r\n          \"value\": \"${db_endpoint}\" \r\n        }\r\n      ]\r\n    }\r\n  ]\r\n}",
            "vars": {
              "aws_region": "us-east-1",
              "backend_image_uri": "python:latest",
              "db_endpoint": "placeholder-db-endpoint.com",
              "ecs_execution_role_arn": "arn:aws:iam::201002507638:role/proyectofinal-ecs-execution-role",
              "ecs_task_role_arn": "arn:aws:iam::201002507638:role/proyectofinal-ecs-task-role",
              "family": "proyectofinal-task-definition",
              "frontend_image_uri": "nginx:latest"
            }
          },
          "sensitive_attributes": [],
          "identity_schema_version": 0
        }
      ]
    },
    {
      "mode": "managed",
      "type": "aws_cloudwatch_log_group",
      "name": "ecs",
      "provider": "provider[\"registry.terraform.io/hashicorp/aws\"]",
      "instances": [
        {
          "schema_version": 0,
          "attributes": {
            "arn": "arn:aws:logs:us-east-1:201002507638:log-group:/ecs/proyectofinal",
            "id": "/ecs/proyectofinal",
            "kms_key_id": "",
            "log_group_class": "STANDARD",
            "name": "/ecs/proyectofinal",
            "name_prefix": "",
            "region": "us-east-1",
            "retention_in_days": 14,
            "skip_destroy": false,
            "tags": null,
            "tags_all": {}
          },
          "sensitive_attributes": [],
          "identity_schema_version": 0,
          "identity": {
            "account_id": "201002507638",
            "name": "/ecs/proyectofinal",
            "region": "us-east-1"
          },
          "private": "bnVsbA=="
        }
      ]
    },
    {
      "mode": "managed",
      "type": "aws_ecr_repository",
      "name": "backend",
      "provider": "provider[\"registry.terraform.io/hashicorp/aws\"]",
      "instances": [
        {
          "schema_version": 0,
          "attributes": {
            "arn": "arn:aws:ecr:us-east-1:201002507638:repository/proyectofinal-backend",
            "encryption_configuration": [
              {
                "encryption_type": "AES256",
                "kms_key": ""
              }
            ],
            "force_delete": null,
            "id": "proyectofinal-backend",
            "image_scanning_configuration": [
              {
                "scan_on_push": false
              }
            ],
            "image_tag_mutability": "MUTABLE",
            "image_tag_mutability_exclusion_filter": [],
            "name": "proyectofinal-backend",
            "region": "us-east-1",
            "registry_id": "201002507638",
            "repository_url": "201002507638.dkr.ecr.us-east-1.amazonaws.com/proyectofinal-backend",
            "tags": {},
            "tags_all": {},
            "timeouts": null
          },
          "sensitive_attributes": [],
          "identity_schema_version": 0,
          "identity": {
            "account_id": "201002507638",
            "name": "proyectofinal-backend",
            "region": "us-east-1"
          },
          "private": "eyJlMmJmYjczMC1lY2FhLTExZTYtOGY4OC0zNDM2M2JjN2M0YzAiOnsiZGVsZXRlIjoxMjAwMDAwMDAwMDAwfSwic2NoZW1hX3ZlcnNpb24iOiIwIn0="
        }
      ]
    },
    {
      "mode": "managed",
      "type": "aws_ecr_repository",
      "name": "frontend",
      "provider": "provider[\"registry.terraform.io/hashicorp/aws\"]",
      "instances": [
        {
          "schema_version": 0,
          "attributes": {
            "arn": "arn:aws:ecr:us-east-1:201002507638:repository/proyectofinal-frontend",
            "encryption_configuration": [
              {
                "encryption_type": "AES256",
                "kms_key": ""
              }
            ],
            "force_delete": null,
            "id": "proyectofinal-frontend",
            "image_scanning_configuration": [
              {
                "scan_on_push": false
              }
            ],
            "image_tag_mutability": "MUTABLE",
            "image_tag_mutability_exclusion_filter": [],
            "name": "proyectofinal-frontend",
            "region": "us-east-1",
            "registry_id": "201002507638",
            "repository_url": "201002507638.dkr.ecr.us-east-1.amazonaws.com/proyectofinal-frontend",
            "tags": {},
            "tags_all": {},
            "timeouts": null
          },
          "sensitive_attributes": [],
          "identity_schema_version": 0,
          "identity": {
            "account_id": "201002507638",
            "name": "proyectofinal-frontend",
            "region": "us-east-1"
          },
          "private": "eyJlMmJmYjczMC1lY2FhLTExZTYtOGY4OC0zNDM2M2JjN2M0YzAiOnsiZGVsZXRlIjoxMjAwMDAwMDAwMDAwfSwic2NoZW1hX3ZlcnNpb24iOiIwIn0="
        }
      ]
    },
    {
      "mode": "managed",
      "type": "aws_ecs_cluster",
      "name": "main",
      "provider": "provider[\"registry.terraform.io/hashicorp/aws\"]",
      "instances": [
        {
          "schema_version": 0,
          "attributes": {
            "arn": "arn:aws:ecs:us-east-1:201002507638:cluster/proyectofinal-cluster",
            "configuration": [],
            "id": "arn:aws:ecs:us-east-1:201002507638:cluster/proyectofinal-cluster",
            "name": "proyectofinal-cluster",
            "region": "us-east-1",
            "service_connect_defaults": [],
            "setting": [
              {
                "name": "containerInsights",
                "value": "disabled"
              }
            ],
            "tags": null,
            "tags_all": {}
          },
          "sensitive_attributes": [],
          "identity_schema_version": 0,
          "private": "bnVsbA=="
        }
      ]
    },
    {
      "mode": "managed",
      "type": "aws_iam_role",
      "name": "ecs_execution_role",
      "provider": "provider[\"registry.terraform.io/hashicorp/aws\"]",
      "instances": [
        {
          "schema_version": 0,
          "attributes": {
            "arn": "arn:aws:iam::201002507638:role/proyectofinal-ecs-execution-role",
            "assume_role_policy": "{\"Statement\":[{\"Action\":\"sts:AssumeRole\",\"Effect\":\"Allow\",\"Principal\":{\"Service\":\"ecs-tasks.amazonaws.com\"}}],\"Version\":\"2012-10-17\"}",
            "create_date": "2025-12-02T04:01:05Z",
            "description": "",
            "force_detach_policies": false,
            "id": "proyectofinal-ecs-execution-role",
            "inline_policy": [],
            "managed_policy_arns": [],
            "max_session_duration": 3600,
            "name": "proyectofinal-ecs-execution-role",
            "name_prefix": "",
            "path": "/",
            "permissions_boundary": "",
            "tags": null,
            "tags_all": {},
            "unique_id": "AROAS5TFO3V3AUYMLCY2W"
          },
          "sensitive_attributes": [],
          "identity_schema_version": 0,
          "identity": {
            "account_id": "201002507638",
            "name": "proyectofinal-ecs-execution-role"
          },
          "private": "bnVsbA=="
        }
      ]
    },
    {
      "mode": "managed",
      "type": "aws_iam_role",
      "name": "ecs_task_role",
      "provider": "provider[\"registry.terraform.io/hashicorp/aws\"]",
      "instances": [
        {
          "schema_version": 0,
          "attributes": {
            "arn": "arn:aws:iam::201002507638:role/proyectofinal-ecs-task-role",
            "assume_role_policy": "{\"Statement\":[{\"Action\":\"sts:AssumeRole\",\"Effect\":\"Allow\",\"Principal\":{\"Service\":\"ecs-tasks.amazonaws.com\"}}],\"Version\":\"2012-10-17\"}",
            "create_date": "2025-12-02T04:01:05Z",
            "description": "",
            "force_detach_policies": false,
            "id": "proyectofinal-ecs-task-role",
            "inline_policy": [],
            "managed_policy_arns": [],
            "max_session_duration": 3600,
            "name": "proyectofinal-ecs-task-role",
            "name_prefix": "",
            "path": "/",
            "permissions_boundary": "",
            "tags": null,
            "tags_all": {},
            "unique_id": "AROAS5TFO3V3BOXO7LKGR"
          },
          "sensitive_attributes": [],
          "identity_schema_version": 0,
          "identity": {
            "account_id": "201002507638",
            "name": "proyectofinal-ecs-task-role"
          },
          "private": "bnVsbA=="
        }
      ]
    },
    {
      "mode": "managed",
      "type": "aws_iam_role_policy_attachment",
      "name": "ecs_execution_policy",
      "provider": "provider[\"registry.terraform.io/hashicorp/aws\"]",
      "instances": [
        {
          "schema_version": 0,
          "attributes": {
            "id": "proyectofinal-ecs-execution-role/arn:aws:iam::aws:policy/service-role/AmazonECSTaskExecutionRolePolicy",
            "policy_arn": "arn:aws:iam::aws:policy/service-role/AmazonECSTaskExecutionRolePolicy",
            "role": "proyectofinal-ecs-execution-role"
          },
          "sensitive_attributes": [],
          "identity_schema_version": 0,
          "identity": {
            "account_id": "201002507638",
            "policy_arn": "arn:aws:iam::aws:policy/service-role/AmazonECSTaskExecutionRolePolicy",
            "role": "proyectofinal-ecs-execution-role"
          },
          "private": "bnVsbA==",
          "dependencies": [
            "aws_iam_role.ecs_execution_role"
          ]
        }
      ]
    },
    {
      "mode": "managed",
      "type": "aws_internet_gateway",
      "name": "gw",
      "provider": "provider[\"registry.terraform.io/hashicorp/aws\"]",
      "instances": [
        {
          "schema_version": 0,
          "attributes": {
            "arn": "arn:aws:ec2:us-east-1:201002507638:internet-gateway/igw-0d63af0d0b7f0ea0d",
            "id": "igw-0d63af0d0b7f0ea0d",
            "owner_id": "201002507638",
            "region": "us-east-1",
            "tags": {
              "Name": "proyectofinal-igw"
            },
            "tags_all": {
              "Name": "proyectofinal-igw"
            },
            "timeouts": null,
            "vpc_id": "vpc-0e75721473a7b10fa"
          },
          "sensitive_attributes": [],
          "identity_schema_version": 0,
          "private": "eyJlMmJmYjczMC1lY2FhLTExZTYtOGY4OC0zNDM2M2JjN2M0YzAiOnsiY3JlYXRlIjoxMjAwMDAwMDAwMDAwLCJkZWxldGUiOjEyMDAwMDAwMDAwMDAsInVwZGF0ZSI6MTIwMDAwMDAwMDAwMH19",
          "dependencies": [
            "aws_vpc.main"
          ]
        }
      ]
    },
    {
      "mode": "managed",
      "type": "aws_lb",
      "name": "main",
      "provider": "provider[\"registry.terraform.io/hashicorp/aws\"]",
      "instances": [
        {
          "schema_version": 0,
          "attributes": {
            "access_logs": [
              {
                "bucket": "",
                "enabled": false,
                "prefix": ""
              }
            ],
            "arn": "arn:aws:elasticloadbalancing:us-east-1:201002507638:loadbalancer/app/proyectofinal-lb/7577982e4eb77fce",
            "arn_suffix": "app/proyectofinal-lb/7577982e4eb77fce",
            "client_keep_alive": 3600,
            "connection_logs": [
              {
                "bucket": "",
                "enabled": false,
                "prefix": ""
              }
            ],
            "customer_owned_ipv4_pool": "",
            "desync_mitigation_mode": "defensive",
            "dns_name": "proyectofinal-lb-1831832697.us-east-1.elb.amazonaws.com",
            "dns_record_client_routing_policy": null,
            "drop_invalid_header_fields": false,
            "enable_cross_zone_load_balancing": true,
            "enable_deletion_protection": false,
            "enable_http2": true,
            "enable_tls_version_and_cipher_suite_headers": false,
            "enable_waf_fail_open": false,
            "enable_xff_client_port": false,
            "enable_zonal_shift": false,
            "enforce_security_group_inbound_rules_on_private_link_traffic": "",
            "id": "arn:aws:elasticloadbalancing:us-east-1:201002507638:loadbalancer/app/proyectofinal-lb/7577982e4eb77fce",
            "idle_timeout": 60,
            "internal": false,
            "ip_address_type": "ipv4",
            "ipam_pools": [],
            "load_balancer_type": "application",
            "minimum_load_balancer_capacity": [],
            "name": "proyectofinal-lb",
            "name_prefix": "",
            "preserve_host_header": false,
            "region": "us-east-1",
            "secondary_ips_auto_assigned_per_subnet": null,
            "security_groups": [
              "sg-03d9a5f09a0d020d8"
            ],
            "subnet_mapping": [
              {
                "allocation_id": "",
                "ipv6_address": "",
                "outpost_id": "",
                "private_ipv4_address": "",
                "subnet_id": "subnet-05f76fa9c9b862942"
              },
              {
                "allocation_id": "",
                "ipv6_address": "",
                "outpost_id": "",
                "private_ipv4_address": "",
                "subnet_id": "subnet-0c648f7b8c6f79ace"
              }
            ],
            "subnets": [
              "subnet-05f76fa9c9b862942",
              "subnet-0c648f7b8c6f79ace"
            ],
            "tags": null,
            "tags_all": {},
            "timeouts": null,
            "vpc_id": "vpc-0e75721473a7b10fa",
            "xff_header_processing_mode": "append",
            "zone_id": "Z35SXDOTRQ7X7K"
          },
          "sensitive_attributes": [],
          "identity_schema_version": 0,
          "identity": {
            "arn": "arn:aws:elasticloadbalancing:us-east-1:201002507638:loadbalancer/app/proyectofinal-lb/7577982e4eb77fce"
          },
          "private": "eyJlMmJmYjczMC1lY2FhLTExZTYtOGY4OC0zNDM2M2JjN2M0YzAiOnsiY3JlYXRlIjo2MDAwMDAwMDAwMDAsImRlbGV0ZSI6NjAwMDAwMDAwMDAwLCJ1cGRhdGUiOjYwMDAwMDAwMDAwMH19",
          "dependencies": [
            "aws_security_group.alb",
            "aws_subnet.public",
            "aws_vpc.main",
            "data.aws_availability_zones.available"
          ]
        }
      ]
    },
    {
      "mode": "managed",
      "type": "aws_lb_listener",
      "name": "http",
      "provider": "provider[\"registry.terraform.io/hashicorp/aws\"]",
      "instances": [
        {
          "schema_version": 0,
          "attributes": {
            "alpn_policy": null,
            "arn": "arn:aws:elasticloadbalancing:us-east-1:201002507638:listener/app/proyectofinal-lb/7577982e4eb77fce/9caf3197cb9863a1",
            "certificate_arn": null,
            "default_action": [
              {
                "authenticate_cognito": [],
                "authenticate_oidc": [],
                "fixed_response": [],
                "forward": [],
                "jwt_validation": [],
                "order": 1,
                "redirect": [],
                "target_group_arn": "arn:aws:elasticloadbalancing:us-east-1:201002507638:targetgroup/proyectofinal-tg-frontend/d81adf8e5759be21",
                "type": "forward"
              }
            ],
            "id": "arn:aws:elasticloadbalancing:us-east-1:201002507638:listener/app/proyectofinal-lb/7577982e4eb77fce/9caf3197cb9863a1",
            "load_balancer_arn": "arn:aws:elasticloadbalancing:us-east-1:201002507638:loadbalancer/app/proyectofinal-lb/7577982e4eb77fce",
            "mutual_authentication": [],
            "port": 80,
            "protocol": "HTTP",
            "region": "us-east-1",
            "routing_http_request_x_amzn_mtls_clientcert_header_name": null,
            "routing_http_request_x_amzn_mtls_clientcert_issuer_header_name": null,
            "routing_http_request_x_amzn_mtls_clientcert_leaf_header_name": null,
            "routing_http_request_x_amzn_mtls_clientcert_serial_number_header_name": null,
            "routing_http_request_x_amzn_mtls_clientcert_subject_header_name": null,
            "routing_http_request_x_amzn_mtls_clientcert_validity_header_name": null,
            "routing_http_request_x_amzn_tls_cipher_suite_header_name": null,
            "routing_http_request_x_amzn_tls_version_header_name": null,
            "routing_http_response_access_control_allow_credentials_header_value": "",
            "routing_http_response_access_control_allow_headers_header_value": "",
            "routing_http_response_access_control_allow_methods_header_value": "",
            "routing_http_response_access_control_allow_origin_header_value": "",
            "routing_http_response_access_control_expose_headers_header_value": "",
            "routing_http_response_access_control_max_age_header_value": "",
            "routing_http_response_content_security_policy_header_value": "",
            "routing_http_response_server_enabled": true,
            "routing_http_response_strict_transport_security_header_value": "",
            "routing_http_response_x_content_type_options_header_value": "",
            "routing_http_response_x_frame_options_header_value": "",
            "ssl_policy": "",
            "tags": null,
            "tags_all": {},
            "tcp_idle_timeout_seconds": null,
            "timeouts": null
          },
          "sensitive_attributes": [],
          "identity_schema_version": 0,
          "identity": {
            "arn": "arn:aws:elasticloadbalancing:us-east-1:201002507638:listener/app/proyectofinal-lb/7577982e4eb77fce/9caf3197cb9863a1"
          },
          "private": "eyJlMmJmYjczMC1lY2FhLTExZTYtOGY4OC0zNDM2M2JjN2M0YzAiOnsiY3JlYXRlIjozMDAwMDAwMDAwMDAsInVwZGF0ZSI6MzAwMDAwMDAwMDAwfX0=",
          "dependencies": [
            "aws_lb.main",
            "aws_lb_target_group.frontend",
            "aws_security_group.alb",
            "aws_subnet.public",
            "aws_vpc.main",
            "data.aws_availability_zones.available"
          ]
        }
      ]
    },
    {
      "mode": "managed",
      "type": "aws_lb_target_group",
      "name": "frontend",
      "provider": "provider[\"registry.terraform.io/hashicorp/aws\"]",
      "instances": [
        {
          "schema_version": 0,
          "attributes": {
            "arn": "arn:aws:elasticloadbalancing:us-east-1:201002507638:targetgroup/proyectofinal-tg-frontend/d81adf8e5759be21",
            "arn_suffix": "targetgroup/proyectofinal-tg-frontend/d81adf8e5759be21",
            "connection_termination": null,
            "deregistration_delay": "300",
            "health_check": [
              {
                "enabled": true,
                "healthy_threshold": 2,
                "interval": 30,
                "matcher": "200-399",
                "path": "/",
                "port": "traffic-port",
                "protocol": "HTTP",
                "timeout": 5,
                "unhealthy_threshold": 2
              }
            ],
            "id": "arn:aws:elasticloadbalancing:us-east-1:201002507638:targetgroup/proyectofinal-tg-frontend/d81adf8e5759be21",
            "ip_address_type": "ipv4",
            "lambda_multi_value_headers_enabled": false,
            "load_balancer_arns": [],
            "load_balancing_algorithm_type": "round_robin",
            "load_balancing_anomaly_mitigation": "off",
            "load_balancing_cross_zone_enabled": "use_load_balancer_configuration",
            "name": "proyectofinal-tg-frontend",
            "name_prefix": "",
            "port": 80,
            "preserve_client_ip": null,
            "protocol": "HTTP",
            "protocol_version": "HTTP1",
            "proxy_protocol_v2": false,
            "region": "us-east-1",
            "slow_start": 0,
            "stickiness": [
              {
                "cookie_duration": 86400,
                "cookie_name": "",
                "enabled": false,
                "type": "lb_cookie"
              }
            ],
            "tags": null,
            "tags_all": {},
            "target_failover": [
              {
                "on_deregistration": null,
                "on_unhealthy": null
              }
            ],
            "target_group_health": [
              {
                "dns_failover": [
                  {
                    "minimum_healthy_targets_count": "1",
                    "minimum_healthy_targets_percentage": "off"
                  }
                ],
                "unhealthy_state_routing": [
                  {
                    "minimum_healthy_targets_count": 1,
                    "minimum_healthy_targets_percentage": "off"
                  }
                ]
              }
            ],
            "target_health_state": [
              {
                "enable_unhealthy_connection_termination": null,
                "unhealthy_draining_interval": null
              }
            ],
            "target_type": "ip",
            "vpc_id": "vpc-0e75721473a7b10fa"
          },
          "sensitive_attributes": [],
          "identity_schema_version": 0,
          "identity": {
            "arn": "arn:aws:elasticloadbalancing:us-east-1:201002507638:targetgroup/proyectofinal-tg-frontend/d81adf8e5759be21"
          },
          "private": "bnVsbA==",
          "dependencies": [
            "aws_vpc.main"
          ]
        }
      ]
    },
    {
      "mode": "managed",
      "type": "aws_security_group",
      "name": "alb",
      "provider": "provider[\"registry.terraform.io/hashicorp/aws\"]",
      "instances": [
        {
          "schema_version": 1,
          "attributes": {
            "arn": "arn:aws:ec2:us-east-1:201002507638:security-group/sg-03d9a5f09a0d020d8",
            "description": "Managed by Terraform",
            "egress": [
              {
                "cidr_blocks": [
                  "0.0.0.0/0"
                ],
                "description": "",
                "from_port": 0,
                "ipv6_cidr_blocks": [],
                "prefix_list_ids": [],
                "protocol": "-1",
                "security_groups": [],
                "self": false,
                "to_port": 0
              }
            ],
            "id": "sg-03d9a5f09a0d020d8",
            "ingress": [
              {
                "cidr_blocks": [
                  "0.0.0.0/0"
                ],
                "description": "",
                "from_port": 80,
                "ipv6_cidr_blocks": [],
                "prefix_list_ids": [],
                "protocol": "tcp",
                "security_groups": [],
                "self": false,
                "to_port": 80
              }
            ],
            "name": "terraform-20251202040118507000000001",
            "name_prefix": "terraform-",
            "owner_id": "201002507638",
            "region": "us-east-1",
            "revoke_rules_on_delete": false,
            "tags": {
              "Name": "proyectofinal-alb-sg"
            },
            "tags_all": {
              "Name": "proyectofinal-alb-sg"
            },
            "timeouts": null,
            "vpc_id": "vpc-0e75721473a7b10fa"
          },
          "sensitive_attributes": [],
          "identity_schema_version": 0,
          "identity": {
            "account_id": "201002507638",
            "id": "sg-03d9a5f09a0d020d8",
            "region": "us-east-1"
          },
          "private": "eyJlMmJmYjczMC1lY2FhLTExZTYtOGY4OC0zNDM2M2JjN2M0YzAiOnsiY3JlYXRlIjo2MDAwMDAwMDAwMDAsImRlbGV0ZSI6OTAwMDAwMDAwMDAwfSwic2NoZW1hX3ZlcnNpb24iOiIxIn0=",
          "dependencies": [
            "aws_vpc.main"
          ]
        }
      ]
    },
    {
      "mode": "managed",
      "type": "aws_security_group",
      "name": "fargate",
      "provider": "provider[\"registry.terraform.io/hashicorp/aws\"]",
      "instances": [
        {
          "schema_version": 1,
          "attributes": {
            "arn": "arn:aws:ec2:us-east-1:201002507638:security-group/sg-0301b8b772a4d1836",
            "description": "Managed by Terraform",
            "egress": [
              {
                "cidr_blocks": [
                  "0.0.0.0/0"
                ],
                "description": "",
                "from_port": 0,
                "ipv6_cidr_blocks": [],
                "prefix_list_ids": [],
                "protocol": "-1",
                "security_groups": [],
                "self": false,
                "to_port": 0
              }
            ],
            "id": "sg-0301b8b772a4d1836",
            "ingress": [
              {
                "cidr_blocks": [],
                "description": "",
                "from_port": 5000,
                "ipv6_cidr_blocks": [],
                "prefix_list_ids": [],
                "protocol": "tcp",
                "security_groups": [
                  "sg-03d9a5f09a0d020d8"
                ],
                "self": false,
                "to_port": 5000
              },
              {
                "cidr_blocks": [],
                "description": "",
                "from_port": 80,
                "ipv6_cidr_blocks": [],
                "prefix_list_ids": [],
                "protocol": "tcp",
                "security_groups": [
                  "sg-03d9a5f09a0d020d8"
                ],
                "self": false,
                "to_port": 80
              }
            ],
            "name": "terraform-20251202040122689700000002",
            "name_prefix": "terraform-",
            "owner_id": "201002507638",
            "region": "us-east-1",
            "revoke_rules_on_delete": false,
            "tags": {
              "Name": "proyectofinal-fargate-sg"
            },
            "tags_all": {
              "Name": "proyectofinal-fargate-sg"
            },
            "timeouts": null,
            "vpc_id": "vpc-0e75721473a7b10fa"
          },
          "sensitive_attributes": [],
          "identity_schema_version": 0,
          "identity": {
            "account_id": "201002507638",
            "id": "sg-0301b8b772a4d1836",
            "region": "us-east-1"
          },
          "private": "eyJlMmJmYjczMC1lY2FhLTExZTYtOGY4OC0zNDM2M2JjN2M0YzAiOnsiY3JlYXRlIjo2MDAwMDAwMDAwMDAsImRlbGV0ZSI6OTAwMDAwMDAwMDAwfSwic2NoZW1hX3ZlcnNpb24iOiIxIn0=",
          "dependencies": [
            "aws_security_group.alb",
            "aws_vpc.main"
          ]
        }
      ]
    },
    {
      "mode": "managed",
      "type": "aws_subnet",
      "name": "public",
      "provider": "provider[\"registry.terraform.io/hashicorp/aws\"]",
      "instances": [
        {
          "index_key": 0,
          "schema_version": 1,
          "attributes": {
            "arn": "arn:aws:ec2:us-east-1:201002507638:subnet/subnet-05f76fa9c9b862942",
            "assign_ipv6_address_on_creation": false,
            "availability_zone": "us-east-1a",
            "availability_zone_id": "use1-az1",
            "cidr_block": "10.0.1.0/24",
            "customer_owned_ipv4_pool": "",
            "enable_dns64": false,
            "enable_lni_at_device_index": 0,
            "enable_resource_name_dns_a_record_on_launch": false,
            "enable_resource_name_dns_aaaa_record_on_launch": false,
            "id": "subnet-05f76fa9c9b862942",
            "ipv6_cidr_block": "",
            "ipv6_cidr_block_association_id": "",
            "ipv6_native": false,
            "map_customer_owned_ip_on_launch": false,
            "map_public_ip_on_launch": true,
            "outpost_arn": "",
            "owner_id": "201002507638",
            "private_dns_hostname_type_on_launch": "ip-name",
            "region": "us-east-1",
            "tags": {
              "Name": "proyectofinal-public-subnet-0"
            },
            "tags_all": {
              "Name": "proyectofinal-public-subnet-0"
            },
            "timeouts": null,
            "vpc_id": "vpc-0e75721473a7b10fa"
          },
          "sensitive_attributes": [],
          "identity_schema_version": 0,
          "identity": {
            "account_id": "201002507638",
            "id": "subnet-05f76fa9c9b862942",
            "region": "us-east-1"
          },
          "private": "eyJlMmJmYjczMC1lY2FhLTExZTYtOGY4OC0zNDM2M2JjN2M0YzAiOnsiY3JlYXRlIjo2MDAwMDAwMDAwMDAsImRlbGV0ZSI6MTIwMDAwMDAwMDAwMH0sInNjaGVtYV92ZXJzaW9uIjoiMSJ9",
          "dependencies": [
            "aws_vpc.main",
            "data.aws_availability_zones.available"
          ]
        },
        {
          "index_key": 1,
          "schema_version": 1,
          "attributes": {
            "arn": "arn:aws:ec2:us-east-1:201002507638:subnet/subnet-0c648f7b8c6f79ace",
            "assign_ipv6_address_on_creation": false,
            "availability_zone": "us-east-1b",
            "availability_zone_id": "use1-az2",
            "cidr_block": "10.0.2.0/24",
            "customer_owned_ipv4_pool": "",
            "enable_dns64": false,
            "enable_lni_at_device_index": 0,
            "enable_resource_name_dns_a_record_on_launch": false,
            "enable_resource_name_dns_aaaa_record_on_launch": false,
            "id": "subnet-0c648f7b8c6f79ace",
            "ipv6_cidr_block": "",
            "ipv6_cidr_block_association_id": "",
            "ipv6_native": false,
            "map_customer_owned_ip_on_launch": false,
            "map_public_ip_on_launch": true,
            "outpost_arn": "",
            "owner_id": "201002507638",
            "private_dns_hostname_type_on_launch": "ip-name",
            "region": "us-east-1",
            "tags": {
              "Name": "proyectofinal-public-subnet-1"
            },
            "tags_all": {
              "Name": "proyectofinal-public-subnet-1"
            },
            "timeouts": null,
            "vpc_id": "vpc-0e75721473a7b10fa"
          },
          "sensitive_attributes": [],
          "identity_schema_version": 0,
          "identity": {
            "account_id": "201002507638",
            "id": "subnet-0c648f7b8c6f79ace",
            "region": "us-east-1"
          },
          "private": "eyJlMmJmYjczMC1lY2FhLTExZTYtOGY4OC0zNDM2M2JjN2M0YzAiOnsiY3JlYXRlIjo2MDAwMDAwMDAwMDAsImRlbGV0ZSI6MTIwMDAwMDAwMDAwMH0sInNjaGVtYV92ZXJzaW9uIjoiMSJ9",
          "dependencies": [
            "aws_vpc.main",
            "data.aws_availability_zones.available"
          ]
        }
      ]
    },
    {
      "mode": "managed",
      "type": "aws_vpc",
      "name": "main",
      "provider": "provider[\"registry.terraform.io/hashicorp/aws\"]",
      "instances": [
        {
          "schema_version": 1,
          "attributes": {
            "arn": "arn:aws:ec2:us-east-1:201002507638:vpc/vpc-0e75721473a7b10fa",
            "assign_generated_ipv6_cidr_block": false,
            "cidr_block": "10.0.0.0/16",
            "default_network_acl_id": "acl-096fd5fd2443bdef6",
            "default_route_table_id": "rtb-0eb1e14ceb6bf387e",
            "default_security_group_id": "sg-0448326c469db9ab2",
            "dhcp_options_id": "dopt-01c1e6a4d2e7646e0",
            "enable_dns_hostnames": true,
            "enable_dns_support": true,
            "enable_network_address_usage_metrics": false,
            "id": "vpc-0e75721473a7b10fa",
            "instance_tenancy": "default",
            "ipv4_ipam_pool_id": null,
            "ipv4_netmask_length": null,
            "ipv6_association_id": "",
            "ipv6_cidr_block": "",
            "ipv6_cidr_block_network_border_group": "",
            "ipv6_ipam_pool_id": "",
            "ipv6_netmask_length": 0,
            "main_route_table_id": "rtb-0eb1e14ceb6bf387e",
            "owner_id": "201002507638",
            "region": "us-east-1",
            "tags": {
              "Name": "proyectofinal-vpc"
            },
            "tags_all": {
              "Name": "proyectofinal-vpc"
            }
          },
          "sensitive_attributes": [],
          "identity_schema_version": 0,
          "identity": {
            "account_id": "201002507638",
            "id": "vpc-0e75721473a7b10fa",
            "region": "us-east-1"
          },
          "private": "eyJzY2hlbWFfdmVyc2lvbiI6IjEifQ=="
        }
      ]
    }
  ],
  "check_results": null
}
